
Microsoft Visual Studio Solution File, Format Version 12.00
# Visual Studio 2012
Project("{FAE04EC0-301F-11D3-BF4B-00C04F79EFBC}") = "CPB.Backend.Common", "CPB.Backend.Common\CPB.Backend.Common.csproj", "{7F990494-5A7E-45E8-BE85-4C6EE74326F3}"
EndProject
Project("{FAE04EC0-301F-11D3-BF4B-00C04F79EFBC}") = "CPB.Backend.DataAccess", "CPB.Backend.DataAccess\CPB.Backend.DataAccess.csproj", "{0889604A-D39D-454E-A9C6-0F3F8CA62F39}"
EndProject
Project("{FAE04EC0-301F-11D3-BF4B-00C04F79EFBC}") = "CPB.Backend.Domain", "CPB.Backend.Domain\CPB.Backend.Domain.csproj", "{11007E8B-E053-4871-AD23-FBEE9AD59795}"
EndProject
Project("{FAE04EC0-301F-11D3-BF4B-00C04F79EFBC}") = "CPB.Backend.DataAccess.MsSQL", "CPB.Backend.DataAccess.MsSQL\CPB.Backend.DataAccess.MsSQL.csproj", "{73E63358-2D26-4E5A-85A1-1E624611657E}"
EndProject
Project("{FAE04EC0-301F-11D3-BF4B-00C04F79EFBC}") = "CPB.Backend.Web", "CPB.Backend.Web\CPB.Backend.Web.csproj", "{E4FA2B34-B49A-4DB7-87B3-25B56E1323FB}"
EndProject
Project("{00D1A9C2-B5F0-4AF3-8072-F6C62B433612}") = "CPB.Backend.Database", "CPB.Backend.Database\CPB.Backend.Database.sqlproj", "{FB7A524E-1A17-45DB-871D-699D6606DF0E}"
EndProject
Project("{2150E333-8FDC-42A3-9474-1A3956D46DE8}") = "DB", "DB", "{BAB39CCB-0679-4B5E-9C61-6D8E79179491}"
EndProject
Project("{2150E333-8FDC-42A3-9474-1A3956D46DE8}") = "_ExternalLibraries", "_ExternalLibraries", "{EDB16595-DA32-4AC3-BF73-926ACB52167E}"
	ProjectSection(SolutionItems) = preProject
		_ExternalLibraries\log4net.dll = _ExternalLibraries\log4net.dll
		_ExternalLibraries\Microsoft.Practices.EnterpriseLibrary.Common.dll = _ExternalLibraries\Microsoft.Practices.EnterpriseLibrary.Common.dll
		_ExternalLibraries\Microsoft.Practices.EnterpriseLibrary.Common.pdb = _ExternalLibraries\Microsoft.Practices.EnterpriseLibrary.Common.pdb
		_ExternalLibraries\Microsoft.Practices.EnterpriseLibrary.Common.xml = _ExternalLibraries\Microsoft.Practices.EnterpriseLibrary.Common.xml
		_ExternalLibraries\Microsoft.Practices.EnterpriseLibrary.Data.dll = _ExternalLibraries\Microsoft.Practices.EnterpriseLibrary.Data.dll
		_ExternalLibraries\Microsoft.Practices.EnterpriseLibrary.Data.pdb = _ExternalLibraries\Microsoft.Practices.EnterpriseLibrary.Data.pdb
		_ExternalLibraries\Microsoft.Practices.EnterpriseLibrary.Data.xml = _ExternalLibraries\Microsoft.Practices.EnterpriseLibrary.Data.xml
		_ExternalLibraries\Microsoft.Practices.ServiceLocation.dll = _ExternalLibraries\Microsoft.Practices.ServiceLocation.dll
		_ExternalLibraries\Microsoft.Practices.ServiceLocation.pdb = _ExternalLibraries\Microsoft.Practices.ServiceLocation.pdb
		_ExternalLibraries\Microsoft.Practices.Unity.dll = _ExternalLibraries\Microsoft.Practices.Unity.dll
		_ExternalLibraries\Microsoft.Practices.Unity.Interception.dll = _ExternalLibraries\Microsoft.Practices.Unity.Interception.dll
		_ExternalLibraries\Microsoft.Practices.Unity.Interception.pdb = _ExternalLibraries\Microsoft.Practices.Unity.Interception.pdb
		_ExternalLibraries\Microsoft.Practices.Unity.pdb = _ExternalLibraries\Microsoft.Practices.Unity.pdb
		_ExternalLibraries\Q.dll = _ExternalLibraries\Q.dll
		_ExternalLibraries\Q.pdb = _ExternalLibraries\Q.pdb
	EndProjectSection
EndProject
Global
	GlobalSection(SolutionConfigurationPlatforms) = preSolution
		Debug|Any CPU = Debug|Any CPU
		Debug|Mixed Platforms = Debug|Mixed Platforms
		Debug|x64 = Debug|x64
		Debug|x86 = Debug|x86
		MSTEST_DEBUG|Any CPU = MSTEST_DEBUG|Any CPU
		MSTEST_DEBUG|Mixed Platforms = MSTEST_DEBUG|Mixed Platforms
		MSTEST_DEBUG|x64 = MSTEST_DEBUG|x64
		MSTEST_DEBUG|x86 = MSTEST_DEBUG|x86
		MSTEST_RELEASE|Any CPU = MSTEST_RELEASE|Any CPU
		MSTEST_RELEASE|Mixed Platforms = MSTEST_RELEASE|Mixed Platforms
		MSTEST_RELEASE|x64 = MSTEST_RELEASE|x64
		MSTEST_RELEASE|x86 = MSTEST_RELEASE|x86
		NUNIT_DEBUG|Any CPU = NUNIT_DEBUG|Any CPU
		NUNIT_DEBUG|Mixed Platforms = NUNIT_DEBUG|Mixed Platforms
		NUNIT_DEBUG|x64 = NUNIT_DEBUG|x64
		NUNIT_DEBUG|x86 = NUNIT_DEBUG|x86
		NUNIT_RELEASE|Any CPU = NUNIT_RELEASE|Any CPU
		NUNIT_RELEASE|Mixed Platforms = NUNIT_RELEASE|Mixed Platforms
		NUNIT_RELEASE|x64 = NUNIT_RELEASE|x64
		NUNIT_RELEASE|x86 = NUNIT_RELEASE|x86
		Release|Any CPU = Release|Any CPU
		Release|Mixed Platforms = Release|Mixed Platforms
		Release|x64 = Release|x64
		Release|x86 = Release|x86
	EndGlobalSection
	GlobalSection(ProjectConfigurationPlatforms) = postSolution
		{7F990494-5A7E-45E8-BE85-4C6EE74326F3}.Debug|Any CPU.ActiveCfg = Debug|Any CPU
		{7F990494-5A7E-45E8-BE85-4C6EE74326F3}.Debug|Any CPU.Build.0 = Debug|Any CPU
		{7F990494-5A7E-45E8-BE85-4C6EE74326F3}.Debug|Mixed Platforms.ActiveCfg = Debug|Any CPU
		{7F990494-5A7E-45E8-BE85-4C6EE74326F3}.Debug|Mixed Platforms.Build.0 = Debug|Any CPU
		{7F990494-5A7E-45E8-BE85-4C6EE74326F3}.Debug|x64.ActiveCfg = Debug|Any CPU
		{7F990494-5A7E-45E8-BE85-4C6EE74326F3}.Debug|x86.ActiveCfg = Debug|Any CPU
		{7F990494-5A7E-45E8-BE85-4C6EE74326F3}.MSTEST_DEBUG|Any CPU.ActiveCfg = Release|Any CPU
		{7F990494-5A7E-45E8-BE85-4C6EE74326F3}.MSTEST_DEBUG|Any CPU.Build.0 = Release|Any CPU
		{7F990494-5A7E-45E8-BE85-4C6EE74326F3}.MSTEST_DEBUG|Mixed Platforms.ActiveCfg = Release|Any CPU
		{7F990494-5A7E-45E8-BE85-4C6EE74326F3}.MSTEST_DEBUG|Mixed Platforms.Build.0 = Release|Any CPU
		{7F990494-5A7E-45E8-BE85-4C6EE74326F3}.MSTEST_DEBUG|x64.ActiveCfg = Release|Any CPU
		{7F990494-5A7E-45E8-BE85-4C6EE74326F3}.MSTEST_DEBUG|x86.ActiveCfg = Release|Any CPU
		{7F990494-5A7E-45E8-BE85-4C6EE74326F3}.MSTEST_RELEASE|Any CPU.ActiveCfg = Release|Any CPU
		{7F990494-5A7E-45E8-BE85-4C6EE74326F3}.MSTEST_RELEASE|Any CPU.Build.0 = Release|Any CPU
		{7F990494-5A7E-45E8-BE85-4C6EE74326F3}.MSTEST_RELEASE|Mixed Platforms.ActiveCfg = Release|Any CPU
		{7F990494-5A7E-45E8-BE85-4C6EE74326F3}.MSTEST_RELEASE|Mixed Platforms.Build.0 = Release|Any CPU
		{7F990494-5A7E-45E8-BE85-4C6EE74326F3}.MSTEST_RELEASE|x64.ActiveCfg = Release|Any CPU
		{7F990494-5A7E-45E8-BE85-4C6EE74326F3}.MSTEST_RELEASE|x86.ActiveCfg = Release|Any CPU
		{7F990494-5A7E-45E8-BE85-4C6EE74326F3}.NUNIT_DEBUG|Any CPU.ActiveCfg = Release|Any CPU
		{7F990494-5A7E-45E8-BE85-4C6EE74326F3}.NUNIT_DEBUG|Any CPU.Build.0 = Release|Any CPU
		{7F990494-5A7E-45E8-BE85-4C6EE74326F3}.NUNIT_DEBUG|Mixed Platforms.ActiveCfg = Release|Any CPU
		{7F990494-5A7E-45E8-BE85-4C6EE74326F3}.NUNIT_DEBUG|Mixed Platforms.Build.0 = Release|Any CPU
		{7F990494-5A7E-45E8-BE85-4C6EE74326F3}.NUNIT_DEBUG|x64.ActiveCfg = Release|Any CPU
		{7F990494-5A7E-45E8-BE85-4C6EE74326F3}.NUNIT_DEBUG|x86.ActiveCfg = Release|Any CPU
		{7F990494-5A7E-45E8-BE85-4C6EE74326F3}.NUNIT_RELEASE|Any CPU.ActiveCfg = Release|Any CPU
		{7F990494-5A7E-45E8-BE85-4C6EE74326F3}.NUNIT_RELEASE|Any CPU.Build.0 = Release|Any CPU
		{7F990494-5A7E-45E8-BE85-4C6EE74326F3}.NUNIT_RELEASE|Mixed Platforms.ActiveCfg = Release|Any CPU
		{7F990494-5A7E-45E8-BE85-4C6EE74326F3}.NUNIT_RELEASE|Mixed Platforms.Build.0 = Release|Any CPU
		{7F990494-5A7E-45E8-BE85-4C6EE74326F3}.NUNIT_RELEASE|x64.ActiveCfg = Release|Any CPU
		{7F990494-5A7E-45E8-BE85-4C6EE74326F3}.NUNIT_RELEASE|x86.ActiveCfg = Release|Any CPU
		{7F990494-5A7E-45E8-BE85-4C6EE74326F3}.Release|Any CPU.ActiveCfg = Release|Any CPU
		{7F990494-5A7E-45E8-BE85-4C6EE74326F3}.Release|Any CPU.Build.0 = Release|Any CPU
		{7F990494-5A7E-45E8-BE85-4C6EE74326F3}.Release|Mixed Platforms.ActiveCfg = Release|Any CPU
		{7F990494-5A7E-45E8-BE85-4C6EE74326F3}.Release|Mixed Platforms.Build.0 = Release|Any CPU
		{7F990494-5A7E-45E8-BE85-4C6EE74326F3}.Release|x64.ActiveCfg = Release|Any CPU
		{7F990494-5A7E-45E8-BE85-4C6EE74326F3}.Release|x86.ActiveCfg = Release|Any CPU
		{0889604A-D39D-454E-A9C6-0F3F8CA62F39}.Debug|Any CPU.ActiveCfg = Debug|Any CPU
		{0889604A-D39D-454E-A9C6-0F3F8CA62F39}.Debug|Any CPU.Build.0 = Debug|Any CPU
		{0889604A-D39D-454E-A9C6-0F3F8CA62F39}.Debug|Mixed Platforms.ActiveCfg = Debug|Any CPU
		{0889604A-D39D-454E-A9C6-0F3F8CA62F39}.Debug|Mixed Platforms.Build.0 = Debug|Any CPU
		{0889604A-D39D-454E-A9C6-0F3F8CA62F39}.Debug|x64.ActiveCfg = Debug|Any CPU
		{0889604A-D39D-454E-A9C6-0F3F8CA62F39}.Debug|x86.ActiveCfg = Debug|Any CPU
		{0889604A-D39D-454E-A9C6-0F3F8CA62F39}.MSTEST_DEBUG|Any CPU.ActiveCfg = Release|Any CPU
		{0889604A-D39D-454E-A9C6-0F3F8CA62F39}.MSTEST_DEBUG|Any CPU.Build.0 = Release|Any CPU
		{0889604A-D39D-454E-A9C6-0F3F8CA62F39}.MSTEST_DEBUG|Mixed Platforms.ActiveCfg = Release|Any CPU
		{0889604A-D39D-454E-A9C6-0F3F8CA62F39}.MSTEST_DEBUG|Mixed Platforms.Build.0 = Release|Any CPU
		{0889604A-D39D-454E-A9C6-0F3F8CA62F39}.MSTEST_DEBUG|x64.ActiveCfg = Release|Any CPU
		{0889604A-D39D-454E-A9C6-0F3F8CA62F39}.MSTEST_DEBUG|x86.ActiveCfg = Release|Any CPU
		{0889604A-D39D-454E-A9C6-0F3F8CA62F39}.MSTEST_RELEASE|Any CPU.ActiveCfg = Release|Any CPU
		{0889604A-D39D-454E-A9C6-0F3F8CA62F39}.MSTEST_RELEASE|Any CPU.Build.0 = Release|Any CPU
		{0889604A-D39D-454E-A9C6-0F3F8CA62F39}.MSTEST_RELEASE|Mixed Platforms.ActiveCfg = Release|Any CPU
		{0889604A-D39D-454E-A9C6-0F3F8CA62F39}.MSTEST_RELEASE|Mixed Platforms.Build.0 = Release|Any CPU
		{0889604A-D39D-454E-A9C6-0F3F8CA62F39}.MSTEST_RELEASE|x64.ActiveCfg = Release|Any CPU
		{0889604A-D39D-454E-A9C6-0F3F8CA62F39}.MSTEST_RELEASE|x86.ActiveCfg = Release|Any CPU
		{0889604A-D39D-454E-A9C6-0F3F8CA62F39}.NUNIT_DEBUG|Any CPU.ActiveCfg = Release|Any CPU
		{0889604A-D39D-454E-A9C6-0F3F8CA62F39}.NUNIT_DEBUG|Any CPU.Build.0 = Release|Any CPU
		{0889604A-D39D-454E-A9C6-0F3F8CA62F39}.NUNIT_DEBUG|Mixed Platforms.ActiveCfg = Release|Any CPU
		{0889604A-D39D-454E-A9C6-0F3F8CA62F39}.NUNIT_DEBUG|Mixed Platforms.Build.0 = Release|Any CPU
		{0889604A-D39D-454E-A9C6-0F3F8CA62F39}.NUNIT_DEBUG|x64.ActiveCfg = Release|Any CPU
		{0889604A-D39D-454E-A9C6-0F3F8CA62F39}.NUNIT_DEBUG|x86.ActiveCfg = Release|Any CPU
		{0889604A-D39D-454E-A9C6-0F3F8CA62F39}.NUNIT_RELEASE|Any CPU.ActiveCfg = Release|Any CPU
		{0889604A-D39D-454E-A9C6-0F3F8CA62F39}.NUNIT_RELEASE|Any CPU.Build.0 = Release|Any CPU
		{0889604A-D39D-454E-A9C6-0F3F8CA62F39}.NUNIT_RELEASE|Mixed Platforms.ActiveCfg = Release|Any CPU
		{0889604A-D39D-454E-A9C6-0F3F8CA62F39}.NUNIT_RELEASE|Mixed Platforms.Build.0 = Release|Any CPU
		{0889604A-D39D-454E-A9C6-0F3F8CA62F39}.NUNIT_RELEASE|x64.ActiveCfg = Release|Any CPU
		{0889604A-D39D-454E-A9C6-0F3F8CA62F39}.NUNIT_RELEASE|x86.ActiveCfg = Release|Any CPU
		{0889604A-D39D-454E-A9C6-0F3F8CA62F39}.Release|Any CPU.ActiveCfg = Release|Any CPU
		{0889604A-D39D-454E-A9C6-0F3F8CA62F39}.Release|Any CPU.Build.0 = Release|Any CPU
		{0889604A-D39D-454E-A9C6-0F3F8CA62F39}.Release|Mixed Platforms.ActiveCfg = Release|Any CPU
		{0889604A-D39D-454E-A9C6-0F3F8CA62F39}.Release|Mixed Platforms.Build.0 = Release|Any CPU
		{0889604A-D39D-454E-A9C6-0F3F8CA62F39}.Release|x64.ActiveCfg = Release|Any CPU
		{0889604A-D39D-454E-A9C6-0F3F8CA62F39}.Release|x86.ActiveCfg = Release|Any CPU
		{11007E8B-E053-4871-AD23-FBEE9AD59795}.Debug|Any CPU.ActiveCfg = Debug|Any CPU
		{11007E8B-E053-4871-AD23-FBEE9AD59795}.Debug|Any CPU.Build.0 = Debug|Any CPU
		{11007E8B-E053-4871-AD23-FBEE9AD59795}.Debug|Mixed Platforms.ActiveCfg = Debug|Any CPU
		{11007E8B-E053-4871-AD23-FBEE9AD59795}.Debug|Mixed Platforms.Build.0 = Debug|Any CPU
		{11007E8B-E053-4871-AD23-FBEE9AD59795}.Debug|x64.ActiveCfg = Debug|Any CPU
		{11007E8B-E053-4871-AD23-FBEE9AD59795}.Debug|x86.ActiveCfg = Debug|Any CPU
		{11007E8B-E053-4871-AD23-FBEE9AD59795}.MSTEST_DEBUG|Any CPU.ActiveCfg = Release|Any CPU
		{11007E8B-E053-4871-AD23-FBEE9AD59795}.MSTEST_DEBUG|Any CPU.Build.0 = Release|Any CPU
		{11007E8B-E053-4871-AD23-FBEE9AD59795}.MSTEST_DEBUG|Mixed Platforms.ActiveCfg = Release|Any CPU
		{11007E8B-E053-4871-AD23-FBEE9AD59795}.MSTEST_DEBUG|Mixed Platforms.Build.0 = Release|Any CPU
		{11007E8B-E053-4871-AD23-FBEE9AD59795}.MSTEST_DEBUG|x64.ActiveCfg = Release|Any CPU
		{11007E8B-E053-4871-AD23-FBEE9AD59795}.MSTEST_DEBUG|x86.ActiveCfg = Release|Any CPU
		{11007E8B-E053-4871-AD23-FBEE9AD59795}.MSTEST_RELEASE|Any CPU.ActiveCfg = Release|Any CPU
		{11007E8B-E053-4871-AD23-FBEE9AD59795}.MSTEST_RELEASE|Any CPU.Build.0 = Release|Any CPU
		{11007E8B-E053-4871-AD23-FBEE9AD59795}.MSTEST_RELEASE|Mixed Platforms.ActiveCfg = Release|Any CPU
		{11007E8B-E053-4871-AD23-FBEE9AD59795}.MSTEST_RELEASE|Mixed Platforms.Build.0 = Release|Any CPU
		{11007E8B-E053-4871-AD23-FBEE9AD59795}.MSTEST_RELEASE|x64.ActiveCfg = Release|Any CPU
		{11007E8B-E053-4871-AD23-FBEE9AD59795}.MSTEST_RELEASE|x86.ActiveCfg = Release|Any CPU
		{11007E8B-E053-4871-AD23-FBEE9AD59795}.NUNIT_DEBUG|Any CPU.ActiveCfg = Release|Any CPU
		{11007E8B-E053-4871-AD23-FBEE9AD59795}.NUNIT_DEBUG|Any CPU.Build.0 = Release|Any CPU
		{11007E8B-E053-4871-AD23-FBEE9AD59795}.NUNIT_DEBUG|Mixed Platforms.ActiveCfg = Release|Any CPU
		{11007E8B-E053-4871-AD23-FBEE9AD59795}.NUNIT_DEBUG|Mixed Platforms.Build.0 = Release|Any CPU
		{11007E8B-E053-4871-AD23-FBEE9AD59795}.NUNIT_DEBUG|x64.ActiveCfg = Release|Any CPU
		{11007E8B-E053-4871-AD23-FBEE9AD59795}.NUNIT_DEBUG|x86.ActiveCfg = Release|Any CPU
		{11007E8B-E053-4871-AD23-FBEE9AD59795}.NUNIT_RELEASE|Any CPU.ActiveCfg = Release|Any CPU
		{11007E8B-E053-4871-AD23-FBEE9AD59795}.NUNIT_RELEASE|Any CPU.Build.0 = Release|Any CPU
		{11007E8B-E053-4871-AD23-FBEE9AD59795}.NUNIT_RELEASE|Mixed Platforms.ActiveCfg = Release|Any CPU
		{11007E8B-E053-4871-AD23-FBEE9AD59795}.NUNIT_RELEASE|Mixed Platforms.Build.0 = Release|Any CPU
		{11007E8B-E053-4871-AD23-FBEE9AD59795}.NUNIT_RELEASE|x64.ActiveCfg = Release|Any CPU
		{11007E8B-E053-4871-AD23-FBEE9AD59795}.NUNIT_RELEASE|x86.ActiveCfg = Release|Any CPU
		{11007E8B-E053-4871-AD23-FBEE9AD59795}.Release|Any CPU.ActiveCfg = Release|Any CPU
		{11007E8B-E053-4871-AD23-FBEE9AD59795}.Release|Any CPU.Build.0 = Release|Any CPU
		{11007E8B-E053-4871-AD23-FBEE9AD59795}.Release|Mixed Platforms.ActiveCfg = Release|Any CPU
		{11007E8B-E053-4871-AD23-FBEE9AD59795}.Release|Mixed Platforms.Build.0 = Release|Any CPU
		{11007E8B-E053-4871-AD23-FBEE9AD59795}.Release|x64.ActiveCfg = Release|Any CPU
		{11007E8B-E053-4871-AD23-FBEE9AD59795}.Release|x86.ActiveCfg = Release|Any CPU
		{73E63358-2D26-4E5A-85A1-1E624611657E}.Debug|Any CPU.ActiveCfg = Debug|Any CPU
		{73E63358-2D26-4E5A-85A1-1E624611657E}.Debug|Any CPU.Build.0 = Debug|Any CPU
		{73E63358-2D26-4E5A-85A1-1E624611657E}.Debug|Mixed Platforms.ActiveCfg = Debug|Any CPU
		{73E63358-2D26-4E5A-85A1-1E624611657E}.Debug|Mixed Platforms.Build.0 = Debug|Any CPU
		{73E63358-2D26-4E5A-85A1-1E624611657E}.Debug|x64.ActiveCfg = Debug|Any CPU
		{73E63358-2D26-4E5A-85A1-1E624611657E}.Debug|x86.ActiveCfg = Debug|Any CPU
		{73E63358-2D26-4E5A-85A1-1E624611657E}.MSTEST_DEBUG|Any CPU.ActiveCfg = Release|Any CPU
		{73E63358-2D26-4E5A-85A1-1E624611657E}.MSTEST_DEBUG|Any CPU.Build.0 = Release|Any CPU
		{73E63358-2D26-4E5A-85A1-1E624611657E}.MSTEST_DEBUG|Mixed Platforms.ActiveCfg = Release|Any CPU
		{73E63358-2D26-4E5A-85A1-1E624611657E}.MSTEST_DEBUG|Mixed Platforms.Build.0 = Release|Any CPU
		{73E63358-2D26-4E5A-85A1-1E624611657E}.MSTEST_DEBUG|x64.ActiveCfg = Release|Any CPU
		{73E63358-2D26-4E5A-85A1-1E624611657E}.MSTEST_DEBUG|x86.ActiveCfg = Release|Any CPU
		{73E63358-2D26-4E5A-85A1-1E624611657E}.MSTEST_RELEASE|Any CPU.ActiveCfg = Release|Any CPU
		{73E63358-2D26-4E5A-85A1-1E624611657E}.MSTEST_RELEASE|Any CPU.Build.0 = Release|Any CPU
		{73E63358-2D26-4E5A-85A1-1E624611657E}.MSTEST_RELEASE|Mixed Platforms.ActiveCfg = Release|Any CPU
		{73E63358-2D26-4E5A-85A1-1E624611657E}.MSTEST_RELEASE|Mixed Platforms.Build.0 = Release|Any CPU
		{73E63358-2D26-4E5A-85A1-1E624611657E}.MSTEST_RELEASE|x64.ActiveCfg = Release|Any CPU
		{73E63358-2D26-4E5A-85A1-1E624611657E}.MSTEST_RELEASE|x86.ActiveCfg = Release|Any CPU
		{73E63358-2D26-4E5A-85A1-1E624611657E}.NUNIT_DEBUG|Any CPU.ActiveCfg = Release|Any CPU
		{73E63358-2D26-4E5A-85A1-1E624611657E}.NUNIT_DEBUG|Any CPU.Build.0 = Release|Any CPU
		{73E63358-2D26-4E5A-85A1-1E624611657E}.NUNIT_DEBUG|Mixed Platforms.ActiveCfg = Release|Any CPU
		{73E63358-2D26-4E5A-85A1-1E624611657E}.NUNIT_DEBUG|Mixed Platforms.Build.0 = Release|Any CPU
		{73E63358-2D26-4E5A-85A1-1E624611657E}.NUNIT_DEBUG|x64.ActiveCfg = Release|Any CPU
		{73E63358-2D26-4E5A-85A1-1E624611657E}.NUNIT_DEBUG|x86.ActiveCfg = Release|Any CPU
		{73E63358-2D26-4E5A-85A1-1E624611657E}.NUNIT_RELEASE|Any CPU.ActiveCfg = Release|Any CPU
		{73E63358-2D26-4E5A-85A1-1E624611657E}.NUNIT_RELEASE|Any CPU.Build.0 = Release|Any CPU
		{73E63358-2D26-4E5A-85A1-1E624611657E}.NUNIT_RELEASE|Mixed Platforms.ActiveCfg = Release|Any CPU
		{73E63358-2D26-4E5A-85A1-1E624611657E}.NUNIT_RELEASE|Mixed Platforms.Build.0 = Release|Any CPU
		{73E63358-2D26-4E5A-85A1-1E624611657E}.NUNIT_RELEASE|x64.ActiveCfg = Release|Any CPU
		{73E63358-2D26-4E5A-85A1-1E624611657E}.NUNIT_RELEASE|x86.ActiveCfg = Release|Any CPU
		{73E63358-2D26-4E5A-85A1-1E624611657E}.Release|Any CPU.ActiveCfg = Release|Any CPU
		{73E63358-2D26-4E5A-85A1-1E624611657E}.Release|Any CPU.Build.0 = Release|Any CPU
		{73E63358-2D26-4E5A-85A1-1E624611657E}.Release|Mixed Platforms.ActiveCfg = Release|Any CPU
		{73E63358-2D26-4E5A-85A1-1E624611657E}.Release|Mixed Platforms.Build.0 = Release|Any CPU
		{73E63358-2D26-4E5A-85A1-1E624611657E}.Release|x64.ActiveCfg = Release|Any CPU
		{73E63358-2D26-4E5A-85A1-1E624611657E}.Release|x86.ActiveCfg = Release|Any CPU
		{E4FA2B34-B49A-4DB7-87B3-25B56E1323FB}.Debug|Any CPU.ActiveCfg = Debug|Any CPU
		{E4FA2B34-B49A-4DB7-87B3-25B56E1323FB}.Debug|Any CPU.Build.0 = Debug|Any CPU
		{E4FA2B34-B49A-4DB7-87B3-25B56E1323FB}.Debug|Mixed Platforms.ActiveCfg = Debug|Any CPU
		{E4FA2B34-B49A-4DB7-87B3-25B56E1323FB}.Debug|Mixed Platforms.Build.0 = Debug|Any CPU
		{E4FA2B34-B49A-4DB7-87B3-25B56E1323FB}.Debug|x64.ActiveCfg = Debug|Any CPU
		{E4FA2B34-B49A-4DB7-87B3-25B56E1323FB}.Debug|x86.ActiveCfg = Debug|Any CPU
		{E4FA2B34-B49A-4DB7-87B3-25B56E1323FB}.MSTEST_DEBUG|Any CPU.ActiveCfg = Release|Any CPU
		{E4FA2B34-B49A-4DB7-87B3-25B56E1323FB}.MSTEST_DEBUG|Any CPU.Build.0 = Release|Any CPU
		{E4FA2B34-B49A-4DB7-87B3-25B56E1323FB}.MSTEST_DEBUG|Mixed Platforms.ActiveCfg = Release|Any CPU
		{E4FA2B34-B49A-4DB7-87B3-25B56E1323FB}.MSTEST_DEBUG|Mixed Platforms.Build.0 = Release|Any CPU
		{E4FA2B34-B49A-4DB7-87B3-25B56E1323FB}.MSTEST_DEBUG|x64.ActiveCfg = Release|Any CPU
		{E4FA2B34-B49A-4DB7-87B3-25B56E1323FB}.MSTEST_DEBUG|x86.ActiveCfg = Release|Any CPU
		{E4FA2B34-B49A-4DB7-87B3-25B56E1323FB}.MSTEST_RELEASE|Any CPU.ActiveCfg = Release|Any CPU
		{E4FA2B34-B49A-4DB7-87B3-25B56E1323FB}.MSTEST_RELEASE|Any CPU.Build.0 = Release|Any CPU
		{E4FA2B34-B49A-4DB7-87B3-25B56E1323FB}.MSTEST_RELEASE|Mixed Platforms.ActiveCfg = Release|Any CPU
		{E4FA2B34-B49A-4DB7-87B3-25B56E1323FB}.MSTEST_RELEASE|Mixed Platforms.Build.0 = Release|Any CPU
		{E4FA2B34-B49A-4DB7-87B3-25B56E1323FB}.MSTEST_RELEASE|x64.ActiveCfg = Release|Any CPU
		{E4FA2B34-B49A-4DB7-87B3-25B56E1323FB}.MSTEST_RELEASE|x86.ActiveCfg = Release|Any CPU
		{E4FA2B34-B49A-4DB7-87B3-25B56E1323FB}.NUNIT_DEBUG|Any CPU.ActiveCfg = Release|Any CPU
		{E4FA2B34-B49A-4DB7-87B3-25B56E1323FB}.NUNIT_DEBUG|Any CPU.Build.0 = Release|Any CPU
		{E4FA2B34-B49A-4DB7-87B3-25B56E1323FB}.NUNIT_DEBUG|Mixed Platforms.ActiveCfg = Release|Any CPU
		{E4FA2B34-B49A-4DB7-87B3-25B56E1323FB}.NUNIT_DEBUG|Mixed Platforms.Build.0 = Release|Any CPU
		{E4FA2B34-B49A-4DB7-87B3-25B56E1323FB}.NUNIT_DEBUG|x64.ActiveCfg = Release|Any CPU
		{E4FA2B34-B49A-4DB7-87B3-25B56E1323FB}.NUNIT_DEBUG|x86.ActiveCfg = Release|Any CPU
		{E4FA2B34-B49A-4DB7-87B3-25B56E1323FB}.NUNIT_RELEASE|Any CPU.ActiveCfg = Release|Any CPU
		{E4FA2B34-B49A-4DB7-87B3-25B56E1323FB}.NUNIT_RELEASE|Any CPU.Build.0 = Release|Any CPU
		{E4FA2B34-B49A-4DB7-87B3-25B56E1323FB}.NUNIT_RELEASE|Mixed Platforms.ActiveCfg = Release|Any CPU
		{E4FA2B34-B49A-4DB7-87B3-25B56E1323FB}.NUNIT_RELEASE|Mixed Platforms.Build.0 = Release|Any CPU
		{E4FA2B34-B49A-4DB7-87B3-25B56E1323FB}.NUNIT_RELEASE|x64.ActiveCfg = Release|Any CPU
		{E4FA2B34-B49A-4DB7-87B3-25B56E1323FB}.NUNIT_RELEASE|x86.ActiveCfg = Release|Any CPU
		{E4FA2B34-B49A-4DB7-87B3-25B56E1323FB}.Release|Any CPU.ActiveCfg = Release|Any CPU
		{E4FA2B34-B49A-4DB7-87B3-25B56E1323FB}.Release|Any CPU.Build.0 = Release|Any CPU
		{E4FA2B34-B49A-4DB7-87B3-25B56E1323FB}.Release|Mixed Platforms.ActiveCfg = Release|Any CPU
		{E4FA2B34-B49A-4DB7-87B3-25B56E1323FB}.Release|Mixed Platforms.Build.0 = Release|Any CPU
		{E4FA2B34-B49A-4DB7-87B3-25B56E1323FB}.Release|x64.ActiveCfg = Release|Any CPU
		{E4FA2B34-B49A-4DB7-87B3-25B56E1323FB}.Release|x86.ActiveCfg = Release|Any CPU
		{FB7A524E-1A17-45DB-871D-699D6606DF0E}.Debug|Any CPU.ActiveCfg = Debug|Any CPU
		{FB7A524E-1A17-45DB-871D-699D6606DF0E}.Debug|Any CPU.Build.0 = Debug|Any CPU
		{FB7A524E-1A17-45DB-871D-699D6606DF0E}.Debug|Any CPU.Deploy.0 = Debug|Any CPU
		{FB7A524E-1A17-45DB-871D-699D6606DF0E}.Debug|Mixed Platforms.ActiveCfg = Debug|Any CPU
		{FB7A524E-1A17-45DB-871D-699D6606DF0E}.Debug|Mixed Platforms.Build.0 = Debug|Any CPU
		{FB7A524E-1A17-45DB-871D-699D6606DF0E}.Debug|Mixed Platforms.Deploy.0 = Debug|Any CPU
		{FB7A524E-1A17-45DB-871D-699D6606DF0E}.Debug|x64.ActiveCfg = Debug|Any CPU
		{FB7A524E-1A17-45DB-871D-699D6606DF0E}.Debug|x86.ActiveCfg = Debug|Any CPU
		{FB7A524E-1A17-45DB-871D-699D6606DF0E}.MSTEST_DEBUG|Any CPU.ActiveCfg = Debug|Any CPU
		{FB7A524E-1A17-45DB-871D-699D6606DF0E}.MSTEST_DEBUG|Any CPU.Build.0 = Debug|Any CPU
		{FB7A524E-1A17-45DB-871D-699D6606DF0E}.MSTEST_DEBUG|Any CPU.Deploy.0 = Debug|Any CPU
		{FB7A524E-1A17-45DB-871D-699D6606DF0E}.MSTEST_DEBUG|Mixed Platforms.ActiveCfg = Debug|Any CPU
		{FB7A524E-1A17-45DB-871D-699D6606DF0E}.MSTEST_DEBUG|Mixed Platforms.Build.0 = Debug|Any CPU
		{FB7A524E-1A17-45DB-871D-699D6606DF0E}.MSTEST_DEBUG|Mixed Platforms.Deploy.0 = Debug|Any CPU
		{FB7A524E-1A17-45DB-871D-699D6606DF0E}.MSTEST_DEBUG|x64.ActiveCfg = Debug|Any CPU
		{FB7A524E-1A17-45DB-871D-699D6606DF0E}.MSTEST_DEBUG|x86.ActiveCfg = Debug|Any CPU
		{FB7A524E-1A17-45DB-871D-699D6606DF0E}.MSTEST_RELEASE|Any CPU.ActiveCfg = Debug|Any CPU
		{FB7A524E-1A17-45DB-871D-699D6606DF0E}.MSTEST_RELEASE|Any CPU.Build.0 = Debug|Any CPU
		{FB7A524E-1A17-45DB-871D-699D6606DF0E}.MSTEST_RELEASE|Any CPU.Deploy.0 = Debug|Any CPU
		{FB7A524E-1A17-45DB-871D-699D6606DF0E}.MSTEST_RELEASE|Mixed Platforms.ActiveCfg = Debug|Any CPU
		{FB7A524E-1A17-45DB-871D-699D6606DF0E}.MSTEST_RELEASE|Mixed Platforms.Build.0 = Debug|Any CPU
		{FB7A524E-1A17-45DB-871D-699D6606DF0E}.MSTEST_RELEASE|Mixed Platforms.Deploy.0 = Debug|Any CPU
		{FB7A524E-1A17-45DB-871D-699D6606DF0E}.MSTEST_RELEASE|x64.ActiveCfg = Debug|Any CPU
		{FB7A524E-1A17-45DB-871D-699D6606DF0E}.MSTEST_RELEASE|x86.ActiveCfg = Debug|Any CPU
		{FB7A524E-1A17-45DB-871D-699D6606DF0E}.NUNIT_DEBUG|Any CPU.ActiveCfg = Debug|Any CPU
		{FB7A524E-1A17-45DB-871D-699D6606DF0E}.NUNIT_DEBUG|Any CPU.Build.0 = Debug|Any CPU
		{FB7A524E-1A17-45DB-871D-699D6606DF0E}.NUNIT_DEBUG|Any CPU.Deploy.0 = Debug|Any CPU
		{FB7A524E-1A17-45DB-871D-699D6606DF0E}.NUNIT_DEBUG|Mixed Platforms.ActiveCfg = Debug|Any CPU
		{FB7A524E-1A17-45DB-871D-699D6606DF0E}.NUNIT_DEBUG|Mixed Platforms.Build.0 = Debug|Any CPU
		{FB7A524E-1A17-45DB-871D-699D6606DF0E}.NUNIT_DEBUG|Mixed Platforms.Deploy.0 = Debug|Any CPU
		{FB7A524E-1A17-45DB-871D-699D6606DF0E}.NUNIT_DEBUG|x64.ActiveCfg = Debug|Any CPU
		{FB7A524E-1A17-45DB-871D-699D6606DF0E}.NUNIT_DEBUG|x86.ActiveCfg = Debug|Any CPU
		{FB7A524E-1A17-45DB-871D-699D6606DF0E}.NUNIT_RELEASE|Any CPU.ActiveCfg = Debug|Any CPU
		{FB7A524E-1A17-45DB-871D-699D6606DF0E}.NUNIT_RELEASE|Any CPU.Build.0 = Debug|Any CPU
		{FB7A524E-1A17-45DB-871D-699D6606DF0E}.NUNIT_RELEASE|Any CPU.Deploy.0 = Debug|Any CPU
		{FB7A524E-1A17-45DB-871D-699D6606DF0E}.NUNIT_RELEASE|Mixed Platforms.ActiveCfg = Debug|Any CPU
		{FB7A524E-1A17-45DB-871D-699D6606DF0E}.NUNIT_RELEASE|Mixed Platforms.Build.0 = Debug|Any CPU
		{FB7A524E-1A17-45DB-871D-699D6606DF0E}.NUNIT_RELEASE|Mixed Platforms.Deploy.0 = Debug|Any CPU
		{FB7A524E-1A17-45DB-871D-699D6606DF0E}.NUNIT_RELEASE|x64.ActiveCfg = Debug|Any CPU
		{FB7A524E-1A17-45DB-871D-699D6606DF0E}.NUNIT_RELEASE|x86.ActiveCfg = Debug|Any CPU
		{FB7A524E-1A17-45DB-871D-699D6606DF0E}.Release|Any CPU.ActiveCfg = Release|Any CPU
		{FB7A524E-1A17-45DB-871D-699D6606DF0E}.Release|Any CPU.Build.0 = Release|Any CPU
		{FB7A524E-1A17-45DB-871D-699D6606DF0E}.Release|Any CPU.Deploy.0 = Release|Any CPU
		{FB7A524E-1A17-45DB-871D-699D6606DF0E}.Release|Mixed Platforms.ActiveCfg = Release|Any CPU
		{FB7A524E-1A17-45DB-871D-699D6606DF0E}.Release|Mixed Platforms.Build.0 = Release|Any CPU
		{FB7A524E-1A17-45DB-871D-699D6606DF0E}.Release|Mixed Platforms.Deploy.0 = Release|Any CPU
		{FB7A524E-1A17-45DB-871D-699D6606DF0E}.Release|x64.ActiveCfg = Release|Any CPU
		{FB7A524E-1A17-45DB-871D-699D6606DF0E}.Release|x86.ActiveCfg = Release|Any CPU
	EndGlobalSection
	GlobalSection(SolutionProperties) = preSolution
		HideSolutionNode = FALSE
	EndGlobalSection
	GlobalSection(NestedProjects) = preSolution
		{FB7A524E-1A17-45DB-871D-699D6606DF0E} = {BAB39CCB-0679-4B5E-9C61-6D8E79179491}
	EndGlobalSection
EndGlobal
